
Microsoft Visual Studio Solution File, Format Version 12.00
# Visual Studio Version 16
VisualStudioVersion = 16.0.30621.155
MinimumVisualStudioVersion = 10.0.40219.1
Project("{FAE04EC0-301F-11D3-BF4B-00C04F79EFBC}") = "ITSense", "ITSense\ITSense.csproj", "{20FE86E0-31B5-4966-8A51-E4424F482A7F}"
EndProject
Project("{FAE04EC0-301F-11D3-BF4B-00C04F79EFBC}") = "Services", "Services\Services.csproj", "{7C07144B-AB89-4907-8E05-E33ECBC19FCF}"
EndProject
Global
	GlobalSection(SolutionConfigurationPlatforms) = preSolution
		Debug|Any CPU = Debug|Any CPU
		Release|Any CPU = Release|Any CPU
	EndGlobalSection
	GlobalSection(ProjectConfigurationPlatforms) = postSolution
		{20FE86E0-31B5-4966-8A51-E4424F482A7F}.Debug|Any CPU.ActiveCfg = Debug|Any CPU
		{20FE86E0-31B5-4966-8A51-E4424F482A7F}.Debug|Any CPU.Build.0 = Debug|Any CPU
		{20FE86E0-31B5-4966-8A51-E4424F482A7F}.Release|Any CPU.ActiveCfg = Release|Any CPU
		{20FE86E0-31B5-4966-8A51-E4424F482A7F}.Release|Any CPU.Build.0 = Release|Any CPU
		{7C07144B-AB89-4907-8E05-E33ECBC19FCF}.Debug|Any CPU.ActiveCfg = Debug|Any CPU
		{7C07144B-AB89-4907-8E05-E33ECBC19FCF}.Debug|Any CPU.Build.0 = Debug|Any CPU
		{7C07144B-AB89-4907-8E05-E33ECBC19FCF}.Release|Any CPU.ActiveCfg = Release|Any CPU
		{7C07144B-AB89-4907-8E05-E33ECBC19FCF}.Release|Any CPU.Build.0 = Release|Any CPU
	EndGlobalSection
	GlobalSection(SolutionProperties) = preSolution
		HideSolutionNode = FALSE
	EndGlobalSection
	GlobalSection(ExtensibilityGlobals) = postSolution
		SolutionGuid = {9A1BFB6F-FC31-4ADC-8095-3C74DA7759C3}
	EndGlobalSection
EndGlobal
